{
  "nodes": {
    "brew-src": {
      "flake": false,
      "locked": {
        "lastModified": 1786945682,
        "narHash": "sha256-VBESSoJccikdhxh3vp3SQeG7cZXTOulMvVkoSqNDEhs=",
        "owner": "Homebrew",
        "repo": "brew",
        "rev": "5b90e281d4e0c8fbd6ca4d8358276fb305b8d0bd",
        "type": "github"
      },
      "original": {
        "owner": "Homebrew",
        "ref": "6.0.18",
        "repo": "brew",
        "type": "github"
      }
    },
    "home-manager": {
      "inputs": {
        "nixpkgs": [
          "nixpkgs"
        ]
      },
      "locked": {
        "lastModified": 1776950293,
        "narHash": "sha256-t6KMARLILjPuTBSRoYanUxV+FU50IFZ7L5XVdOcdtaY=",
        "owner": "nix-community",
        "repo": "home-manager",
        "rev": "6837e0d6c5eda81fd26308489799fbf83a160465",
        "type": "github"
      },
      "original": {
        "owner": "nix-community",
        "repo": "home-manager",
        "type": "github"
      }
    },
    "homebrew-cask": {
      "flake": false,
      "locked": {
        "lastModified": 1787752530,
        "narHash": "sha256-r6P0mXE3kvT6s32RU5zLoDFm4YqT7t9QHRahcq861p8=",
        "owner": "homebrew",
        "repo": "homebrew-cask",
        "rev": "b30cb51f873cd5bda61ec8532c284a1cf47fe876",
        "type": "github"
      },
      "original": {
        "owner": "homebrew",
        "repo": "homebrew-cask",
        "type": "github"
      }
    },
    "homebrew-core": {
      "flake": false,
      "locked": {
        "lastModified": 1787753551,
        "narHash": "sha256-CLoqSjsO79SxPe9//fwbuHe9aq9equlSxCYLQdfdtVs=",
        "owner": "homebrew",
        "repo": "homebrew-core",
        "rev": "01a2271b9a6cf53092715d1029645b0c92d8969e",
        "type": "github"
      },
      "original": {
        "owner": "homebrew",
        "repo": "homebrew-core",
        "type": "github"
      }
    },
    "homebrew-sshpass": {
      "flake": false,
      "locked": {
        "lastModified": 1477982527,
        "narHash": "sha256-775i1sPxn9qULFjuerOOP03YzVX9y90Yck8V2YrTXuE=",
        "owner": "hudochenkov",
        "repo": "homebrew-sshpass",
        "rev": "04cf50bd8e92d3c05de13ced8eb0f71c6db2f223",
        "type": "github"
      },
      "original": {
        "owner": "hudochenkov",
        "repo": "homebrew-sshpass",
        "type": "github"
      }
    },
    "nix-darwin": {
      "inputs": {
        "nixpkgs": [
          "nixpkgs"
        ]
      },
      "locked": {
        "lastModified": 1775037210,
        "narHash": "sha256-KM2WYj6EA7M/FVZVCl3rqWY+TFV5QzSyyGE2gQxeODU=",
        "owner": "LnL7",
        "repo": "nix-darwin",
        "rev": "06648f4902343228ce2de79f291dd5a58ee12146",
        "type": "github"
      },
      "original": {
        "owner": "LnL7",
        "repo": "nix-darwin",
        "type": "github"
      }
    },
    "nix-homebrew": {
      "inputs": {
        "brew-src": "brew-src"
      },
      "locked": {
        "lastModified": 1787330919,
        "narHash": "sha256-LslMncqN7uOOH5S88WZtO/EVt2HwD8ltUnfyANk+mC0=",
        "owner": "zhaofengli",
        "repo": "nix-homebrew",
        "rev": "b00218e4aec0e5bf07d61a0bb13f842faa582d7b",
        "type": "github"
      },
      "original": {
        "owner": "zhaofengli",
        "repo": "nix-homebrew",
        "type": "github"
      }
    },
    "nixpkgs": {
      "locked": {
        "lastModified": 1776329215,
        "narHash": "sha256-a8BYi3mzoJ/AcJP8UldOx8emoPRLeWqALZWu4ZvjPXw=",
        "owner": "NixOS",
        "repo": "nixpkgs",
        "rev": "b86751bc4085f48661017fa226dee99fab6c651b",
        "type": "github"
      },
      "original": {
        "owner": "NixOS",
        "ref": "nixpkgs-unstable",
        "repo": "nixpkgs",
        "type": "github"
      }
    },
    "root": {
      "inputs": {
        "home-manager": "home-manager",
        "homebrew-cask": "homebrew-cask",
        "homebrew-core": "homebrew-core",
        "homebrew-sshpass": "homebrew-sshpass",
        "nix-darwin": "nix-darwin",
        "nix-homebrew": "nix-homebrew",
        "nixpkgs": "nixpkgs"
      }
    }
  },
  "root": "root",
  "version": 7
}
